
Microsoft Visual Studio Solution File, Format Version 12.00
# Visual Studio 15
VisualStudioVersion = 15.0.27130.2010
MinimumVisualStudioVersion = 10.0.40219.1
Project("{2150E333-8FDC-42A3-9474-1A3956D46DE8}") = "1 - Modulo", "1 - Modulo", "{2B6A161B-3F7E-4672-A32C-709E9B2CFA3A}"
EndProject
Project("{FAE04EC0-301F-11D3-BF4B-00C04F79EFBC}") = "HelloWorld", "HelloWorld\HelloWorld.csproj", "{826507FA-68D8-410E-8448-702B19280F3A}"
EndProject
Global
	GlobalSection(SolutionConfigurationPlatforms) = preSolution
		Debug|Any CPU = Debug|Any CPU
		Release|Any CPU = Release|Any CPU
	EndGlobalSection
	GlobalSection(ProjectConfigurationPlatforms) = postSolution
		{826507FA-68D8-410E-8448-702B19280F3A}.Debug|Any CPU.ActiveCfg = Debug|Any CPU
		{826507FA-68D8-410E-8448-702B19280F3A}.Debug|Any CPU.Build.0 = Debug|Any CPU
		{826507FA-68D8-410E-8448-702B19280F3A}.Release|Any CPU.ActiveCfg = Release|Any CPU
		{826507FA-68D8-410E-8448-702B19280F3A}.Release|Any CPU.Build.0 = Release|Any CPU
	EndGlobalSection
	GlobalSection(SolutionProperties) = preSolution
		HideSolutionNode = FALSE
	EndGlobalSection
	GlobalSection(NestedProjects) = preSolution
		{826507FA-68D8-410E-8448-702B19280F3A} = {2B6A161B-3F7E-4672-A32C-709E9B2CFA3A}
	EndGlobalSection
	GlobalSection(ExtensibilityGlobals) = postSolution
		SolutionGuid = {5056957E-C3BD-41C1-AAEE-AA8565A33BC2}
	EndGlobalSection
EndGlobal
